# This file is automatically @generated by Cargo.
# It is not intended for manual editing.
[[package]]
name = "combinations"
version = "0.1.0"
source = "registry+https://github.com/rust-lang/crates.io-index"
checksum = "728b7ab3119b5167cc60a4aad16b6086b762278f5571cc650e7eed2e89a23a15"

[[package]]
name = "day_10"
version = "0.1.0"
dependencies = [
 "combinations",
]
